// !$*UTF8*$!
{
	archiveVersion = 1;
	classes = {
	};
	objectVersion = 55;
	objects = {

/* Begin PBXBuildFile section */
		CEB47DC027E3E0FD00123622 /* DiaryViewController.xib in Resources */ = {isa = PBXBuildFile; fileRef = CEB47DBF27E3E0FD00123622 /* DiaryViewController.xib */; };
		CEB47DC227E3E5ED00123622 /* DiaryViewController.swift in Sources */ = {isa = PBXBuildFile; fileRef = CEB47DC127E3E5ED00123622 /* DiaryViewController.swift */; };
		CEBE178A27CE9E6700234B8F /* AppDelegate.swift in Sources */ = {isa = PBXBuildFile; fileRef = CEBE178927CE9E6700234B8F /* AppDelegate.swift */; };
		CEBE178C27CE9E6700234B8F /* SceneDelegate.swift in Sources */ = {isa = PBXBuildFile; fileRef = CEBE178B27CE9E6700234B8F /* SceneDelegate.swift */; };
		CEBE178E27CE9E6700234B8F /* ViewController.swift in Sources */ = {isa = PBXBuildFile; fileRef = CEBE178D27CE9E6700234B8F /* ViewController.swift */; };
		CEBE179127CE9E6700234B8F /* Main.storyboard in Resources */ = {isa = PBXBuildFile; fileRef = CEBE178F27CE9E6700234B8F /* Main.storyboard */; };
		CEBE179327CE9E6800234B8F /* Assets.xcassets in Resources */ = {isa = PBXBuildFile; fileRef = CEBE179227CE9E6800234B8F /* Assets.xcassets */; };
		CEBE179627CE9E6800234B8F /* LaunchScreen.storyboard in Resources */ = {isa = PBXBuildFile; fileRef = CEBE179427CE9E6800234B8F /* LaunchScreen.storyboard */; };
		CEBE17A627DE388300234B8F /* OKViewController.swift in Sources */ = {isa = PBXBuildFile; fileRef = CEBE17A527DE388300234B8F /* OKViewController.swift */; };
		CEBE17A927DF534C00234B8F /* SettingsViewController.swift in Sources */ = {isa = PBXBuildFile; fileRef = CEBE17A727DF534C00234B8F /* SettingsViewController.swift */; };
		CEBE17AA27DF534C00234B8F /* SettingsViewController.xib in Resources */ = {isa = PBXBuildFile; fileRef = CEBE17A827DF534C00234B8F /* SettingsViewController.xib */; };
		CEBE17AC27E0A29B00234B8F /* ProfileViewController.swift in Sources */ = {isa = PBXBuildFile; fileRef = CEBE17AB27E0A29B00234B8F /* ProfileViewController.swift */; };
		CEC43BF027ED1D3500F72C80 /* ColoursExtension.swift in Sources */ = {isa = PBXBuildFile; fileRef = CEC43BEF27ED1D3500F72C80 /* ColoursExtension.swift */; };
/* End PBXBuildFile section */

/* Begin PBXFileReference section */
		CEB47DBF27E3E0FD00123622 /* DiaryViewController.xib */ = {isa = PBXFileReference; lastKnownFileType = file.xib; path = DiaryViewController.xib; sourceTree = "<group>"; };
		CEB47DC127E3E5ED00123622 /* DiaryViewController.swift */ = {isa = PBXFileReference; lastKnownFileType = sourcecode.swift; path = DiaryViewController.swift; sourceTree = "<group>"; };
		CEBE178627CE9E6700234B8F /* sleep-tracker.app */ = {isa = PBXFileReference; explicitFileType = wrapper.application; includeInIndex = 0; path = "sleep-tracker.app"; sourceTree = BUILT_PRODUCTS_DIR; };
		CEBE178927CE9E6700234B8F /* AppDelegate.swift */ = {isa = PBXFileReference; lastKnownFileType = sourcecode.swift; path = AppDelegate.swift; sourceTree = "<group>"; };
		CEBE178B27CE9E6700234B8F /* SceneDelegate.swift */ = {isa = PBXFileReference; lastKnownFileType = sourcecode.swift; path = SceneDelegate.swift; sourceTree = "<group>"; };
		CEBE178D27CE9E6700234B8F /* ViewController.swift */ = {isa = PBXFileReference; lastKnownFileType = sourcecode.swift; path = ViewController.swift; sourceTree = "<group>"; };
		CEBE179027CE9E6700234B8F /* Base */ = {isa = PBXFileReference; lastKnownFileType = file.storyboard; name = Base; path = Base.lproj/Main.storyboard; sourceTree = "<group>"; };
		CEBE179227CE9E6800234B8F /* Assets.xcassets */ = {isa = PBXFileReference; lastKnownFileType = folder.assetcatalog; path = Assets.xcassets; sourceTree = "<group>"; };
		CEBE179527CE9E6800234B8F /* Base */ = {isa = PBXFileReference; lastKnownFileType = file.storyboard; name = Base; path = Base.lproj/LaunchScreen.storyboard; sourceTree = "<group>"; };
		CEBE179727CE9E6800234B8F /* Info.plist */ = {isa = PBXFileReference; lastKnownFileType = text.plist.xml; path = Info.plist; sourceTree = "<group>"; };
		CEBE17A527DE388300234B8F /* OKViewController.swift */ = {isa = PBXFileReference; lastKnownFileType = sourcecode.swift; path = OKViewController.swift; sourceTree = "<group>"; };
		CEBE17A727DF534C00234B8F /* SettingsViewController.swift */ = {isa = PBXFileReference; lastKnownFileType = sourcecode.swift; path = SettingsViewController.swift; sourceTree = "<group>"; };
		CEBE17A827DF534C00234B8F /* SettingsViewController.xib */ = {isa = PBXFileReference; lastKnownFileType = file.xib; path = SettingsViewController.xib; sourceTree = "<group>"; };
		CEBE17AB27E0A29B00234B8F /* ProfileViewController.swift */ = {isa = PBXFileReference; lastKnownFileType = sourcecode.swift; path = ProfileViewController.swift; sourceTree = "<group>"; };
		CEC43BEF27ED1D3500F72C80 /* ColoursExtension.swift */ = {isa = PBXFileReference; lastKnownFileType = sourcecode.swift; path = ColoursExtension.swift; sourceTree = "<group>"; };
/* End PBXFileReference section */

/* Begin PBXFrameworksBuildPhase section */
		CEBE178327CE9E6700234B8F /* Frameworks */ = {
			isa = PBXFrameworksBuildPhase;
			buildActionMask = 2147483647;
			files = (
			);
			runOnlyForDeploymentPostprocessing = 0;
		};
/* End PBXFrameworksBuildPhase section */

/* Begin PBXGroup section */
		CEBE177D27CE9E6700234B8F = {
			isa = PBXGroup;
			children = (
				CEBE178827CE9E6700234B8F /* sleep-tracker */,
				CEBE178727CE9E6700234B8F /* Products */,
			);
			sourceTree = "<group>";
		};
		CEBE178727CE9E6700234B8F /* Products */ = {
			isa = PBXGroup;
			children = (
				CEBE178627CE9E6700234B8F /* sleep-tracker.app */,
			);
			name = Products;
			sourceTree = "<group>";
		};
		CEBE178827CE9E6700234B8F /* sleep-tracker */ = {
			isa = PBXGroup;
			children = (
				CEBE178927CE9E6700234B8F /* AppDelegate.swift */,
				CEBE178B27CE9E6700234B8F /* SceneDelegate.swift */,
				CEBE178D27CE9E6700234B8F /* ViewController.swift */,
				CEBE17A727DF534C00234B8F /* SettingsViewController.swift */,
				CEBE17AB27E0A29B00234B8F /* ProfileViewController.swift */,
				CEBE17A827DF534C00234B8F /* SettingsViewController.xib */,
				CEBE178F27CE9E6700234B8F /* Main.storyboard */,
				CEB47DBF27E3E0FD00123622 /* DiaryViewController.xib */,
				CEB47DC127E3E5ED00123622 /* DiaryViewController.swift */,
				CEC43BEF27ED1D3500F72C80 /* ColoursExtension.swift */,
				CEBE17A527DE388300234B8F /* OKViewController.swift */,
				CEBE179227CE9E6800234B8F /* Assets.xcassets */,
				CEBE179427CE9E6800234B8F /* LaunchScreen.storyboard */,
				CEBE179727CE9E6800234B8F /* Info.plist */,
			);
			path = "sleep-tracker";
			sourceTree = "<group>";
		};
/* End PBXGroup section */

/* Begin PBXNativeTarget section */
		CEBE178527CE9E6700234B8F /* sleep-tracker */ = {
			isa = PBXNativeTarget;
			buildConfigurationList = CEBE179A27CE9E6800234B8F /* Build configuration list for PBXNativeTarget "sleep-tracker" */;
			buildPhases = (
				CEBE178227CE9E6700234B8F /* Sources */,
				CEBE178327CE9E6700234B8F /* Frameworks */,
				CEBE178427CE9E6700234B8F /* Resources */,
			);
			buildRules = (
			);
			dependencies = (
			);
			name = "sleep-tracker";
			productName = "sleep-tracker";
			productReference = CEBE178627CE9E6700234B8F /* sleep-tracker.app */;
			productType = "com.apple.product-type.application";
		};
/* End PBXNativeTarget section */

/* Begin PBXProject section */
		CEBE177E27CE9E6700234B8F /* Project object */ = {
			isa = PBXProject;
			attributes = {
				BuildIndependentTargetsInParallel = 1;
				LastSwiftUpdateCheck = 1320;
				LastUpgradeCheck = 1320;
				TargetAttributes = {
					CEBE178527CE9E6700234B8F = {
						CreatedOnToolsVersion = 13.2.1;
					};
				};
			};
			buildConfigurationList = CEBE178127CE9E6700234B8F /* Build configuration list for PBXProject "sleep-tracker" */;
			compatibilityVersion = "Xcode 13.0";
			developmentRegion = en;
			hasScannedForEncodings = 0;
			knownRegions = (
				en,
				Base,
			);
			mainGroup = CEBE177D27CE9E6700234B8F;
			productRefGroup = CEBE178727CE9E6700234B8F /* Products */;
			projectDirPath = "";
			projectRoot = "";
			targets = (
				CEBE178527CE9E6700234B8F /* sleep-tracker */,
			);
		};
/* End PBXProject section */

/* Begin PBXResourcesBuildPhase section */
		CEBE178427CE9E6700234B8F /* Resources */ = {
			isa = PBXResourcesBuildPhase;
			buildActionMask = 2147483647;
			files = (
				CEBE179627CE9E6800234B8F /* LaunchScreen.storyboard in Resources */,
				CEBE179327CE9E6800234B8F /* Assets.xcassets in Resources */,
				CEB47DC027E3E0FD00123622 /* DiaryViewController.xib in Resources */,
				CEBE179127CE9E6700234B8F /* Main.storyboard in Resources */,
				CEBE17AA27DF534C00234B8F /* SettingsViewController.xib in Resources */,
			);
			runOnlyForDeploymentPostprocessing = 0;
		};
/* End PBXResourcesBuildPhase section */

/* Begin PBXSourcesBuildPhase section */
		CEBE178227CE9E6700234B8F /* Sources */ = {
			isa = PBXSourcesBuildPhase;
			buildActionMask = 2147483647;
			files = (
				CEBE17AC27E0A29B00234B8F /* ProfileViewController.swift in Sources */,
				CEBE178E27CE9E6700234B8F /* ViewController.swift in Sources */,
				CEBE178A27CE9E6700234B8F /* AppDelegate.swift in Sources */,
				CEB47DC227E3E5ED00123622 /* DiaryViewController.swift in Sources */,
				CEBE17A627DE388300234B8F /* OKViewController.swift in Sources */,
				CEC43BF027ED1D3500F72C80 /* ColoursExtension.swift in Sources */,
				CEBE17A927DF534C00234B8F /* SettingsViewController.swift in Sources */,
				CEBE178C27CE9E6700234B8F /* SceneDelegate.swift in Sources */,
			);
			runOnlyForDeploymentPostprocessing = 0;
		};
/* End PBXSourcesBuildPhase section */

/* Begin PBXVariantGroup section */
		CEBE178F27CE9E6700234B8F /* Main.storyboard */ = {
			isa = PBXVariantGroup;
			children = (
				CEBE179027CE9E6700234B8F /* Base */,
			);
			name = Main.storyboard;
			sourceTree = "<group>";
		};
		CEBE179427CE9E6800234B8F /* LaunchScreen.storyboard */ = {
			isa = PBXVariantGroup;
			children = (
				CEBE179527CE9E6800234B8F /* Base */,
			);
			name = LaunchScreen.storyboard;
			sourceTree = "<group>";
		};
/* End PBXVariantGroup section */

/* Begin XCBuildConfiguration section */
		CEBE179827CE9E6800234B8F /* Debug */ = {
			isa = XCBuildConfiguration;
			buildSettings = {
				ALWAYS_SEARCH_USER_PATHS = NO;
				CLANG_ANALYZER_NONNULL = YES;
				CLANG_ANALYZER_NUMBER_OBJECT_CONVERSION = YES_AGGRESSIVE;
				CLANG_CXX_LANGUAGE_STANDARD = "gnu++17";
				CLANG_CXX_LIBRARY = "libc++";
				CLANG_ENABLE_MODULES = YES;
				CLANG_ENABLE_OBJC_ARC = YES;
				CLANG_ENABLE_OBJC_WEAK = YES;
				CLANG_WARN_BLOCK_CAPTURE_AUTORELEASING = YES;
				CLANG_WARN_BOOL_CONVERSION = YES;
				CLANG_WARN_COMMA = YES;
				CLANG_WARN_CONSTANT_CONVERSION = YES;
				CLANG_WARN_DEPRECATED_OBJC_IMPLEMENTATIONS = YES;
				CLANG_WARN_DIRECT_OBJC_ISA_USAGE = YES_ERROR;
				CLANG_WARN_DOCUMENTATION_COMMENTS = YES;
				CLANG_WARN_EMPTY_BODY = YES;
				CLANG_WARN_ENUM_CONVERSION = YES;
				CLANG_WARN_INFINITE_RECURSION = YES;
				CLANG_WARN_INT_CONVERSION = YES;
				CLANG_WARN_NON_LITERAL_NULL_CONVERSION = YES;
				CLANG_WARN_OBJC_IMPLICIT_RETAIN_SELF = YES;
				CLANG_WARN_OBJC_LITERAL_CONVERSION = YES;
				CLANG_WARN_OBJC_ROOT_CLASS = YES_ERROR;
				CLANG_WARN_QUOTED_INCLUDE_IN_FRAMEWORK_HEADER = YES;
				CLANG_WARN_RANGE_LOOP_ANALYSIS = YES;
				CLANG_WARN_STRICT_PROTOTYPES = YES;
				CLANG_WARN_SUSPICIOUS_MOVE = YES;
				CLANG_WARN_UNGUARDED_AVAILABILITY = YES_AGGRESSIVE;
				CLANG_WARN_UNREACHABLE_CODE = YES;
				CLANG_WARN__DUPLICATE_METHOD_MATCH = YES;
				COPY_PHASE_STRIP = NO;
				DEBUG_INFORMATION_FORMAT = dwarf;
				ENABLE_STRICT_OBJC_MSGSEND = YES;
				ENABLE_TESTABILITY = YES;
				GCC_C_LANGUAGE_STANDARD = gnu11;
				GCC_DYNAMIC_NO_PIC = NO;
				GCC_NO_COMMON_BLOCKS = YES;
				GCC_OPTIMIZATION_LEVEL = 0;
				GCC_PREPROCESSOR_DEFINITIONS = (
					"DEBUG=1",
					"$(inherited)",
				);
				GCC_WARN_64_TO_32_BIT_CONVERSION = YES;
				GCC_WARN_ABOUT_RETURN_TYPE = YES_ERROR;
				GCC_WARN_UNDECLARED_SELECTOR = YES;
				GCC_WARN_UNINITIALIZED_AUTOS = YES_AGGRESSIVE;
				GCC_WARN_UNUSED_FUNCTION = YES;
				GCC_WARN_UNUSED_VARIABLE = YES;
				IPHONEOS_DEPLOYMENT_TARGET = 15.2;
				MTL_ENABLE_DEBUG_INFO = INCLUDE_SOURCE;
				MTL_FAST_MATH = YES;
				ONLY_ACTIVE_ARCH = YES;
				SDKROOT = iphoneos;
				SWIFT_ACTIVE_COMPILATION_CONDITIONS = DEBUG;
				SWIFT_OPTIMIZATION_LEVEL = "-Onone";
			};
			name = Debug;
		};
		CEBE179927CE9E6800234B8F /* Release */ = {
			isa = XCBuildConfiguration;
			buildSettings = {
				ALWAYS_SEARCH_USER_PATHS = NO;
				CLANG_ANALYZER_NONNULL = YES;
				CLANG_ANALYZER_NUMBER_OBJECT_CONVERSION = YES_AGGRESSIVE;
				CLANG_CXX_LANGUAGE_STANDARD = "gnu++17";
				CLANG_CXX_LIBRARY = "libc++";
				CLANG_ENABLE_MODULES = YES;
				CLANG_ENABLE_OBJC_ARC = YES;
				CLANG_ENABLE_OBJC_WEAK = YES;
				CLANG_WARN_BLOCK_CAPTURE_AUTORELEASING = YES;
				CLANG_WARN_BOOL_CONVERSION = YES;
				CLANG_WARN_COMMA = YES;
				CLANG_WARN_CONSTANT_CONVERSION = YES;
				CLANG_WARN_DEPRECATED_OBJC_IMPLEMENTATIONS = YES;
				CLANG_WARN_DIRECT_OBJC_ISA_USAGE = YES_ERROR;
				CLANG_WARN_DOCUMENTATION_COMMENTS = YES;
				CLANG_WARN_EMPTY_BODY = YES;
				CLANG_WARN_ENUM_CONVERSION = YES;
				CLANG_WARN_INFINITE_RECURSION = YES;
				CLANG_WARN_INT_CONVERSION = YES;
				CLANG_WARN_NON_LITERAL_NULL_CONVERSION = YES;
				CLANG_WARN_OBJC_IMPLICIT_RETAIN_SELF = YES;
				CLANG_WARN_OBJC_LITERAL_CONVERSION = YES;
				CLANG_WARN_OBJC_ROOT_CLASS = YES_ERROR;
				CLANG_WARN_QUOTED_INCLUDE_IN_FRAMEWORK_HEADER = YES;
				CLANG_WARN_RANGE_LOOP_ANALYSIS = YES;
				CLANG_WARN_STRICT_PROTOTYPES = YES;
				CLANG_WARN_SUSPICIOUS_MOVE = YES;
				CLANG_WARN_UNGUARDED_AVAILABILITY = YES_AGGRESSIVE;
				CLANG_WARN_UNREACHABLE_CODE = YES;
				CLANG_WARN__DUPLICATE_METHOD_MATCH = YES;
				COPY_PHASE_STRIP = NO;
				DEBUG_INFORMATION_FORMAT = "dwarf-with-dsym";
				ENABLE_NS_ASSERTIONS = NO;
				ENABLE_STRICT_OBJC_MSGSEND = YES;
				GCC_C_LANGUAGE_STANDARD = gnu11;
				GCC_NO_COMMON_BLOCKS = YES;
				GCC_WARN_64_TO_32_BIT_CONVERSION = YES;
				GCC_WARN_ABOUT_RETURN_TYPE = YES_ERROR;
				GCC_WARN_UNDECLARED_SELECTOR = YES;
				GCC_WARN_UNINITIALIZED_AUTOS = YES_AGGRESSIVE;
				GCC_WARN_UNUSED_FUNCTION = YES;
				GCC_WARN_UNUSED_VARIABLE = YES;
				IPHONEOS_DEPLOYMENT_TARGET = 15.2;
				MTL_ENABLE_DEBUG_INFO = NO;
				MTL_FAST_MATH = YES;
				SDKROOT = iphoneos;
				SWIFT_COMPILATION_MODE = wholemodule;
				SWIFT_OPTIMIZATION_LEVEL = "-O";
				VALIDATE_PRODUCT = YES;
			};
			name = Release;
		};
		CEBE179B27CE9E6800234B8F /* Debug */ = {
			isa = XCBuildConfiguration;
			buildSettings = {
				ASSETCATALOG_COMPILER_APPICON_NAME = AppIcon;
				ASSETCATALOG_COMPILER_GLOBAL_ACCENT_COLOR_NAME = AccentColor;
				CODE_SIGN_STYLE = Automatic;
				CURRENT_PROJECT_VERSION = 1;
				GENERATE_INFOPLIST_FILE = YES;
				INFOPLIST_FILE = "sleep-tracker/Info.plist";
				INFOPLIST_KEY_UIApplicationSupportsIndirectInputEvents = YES;
				INFOPLIST_KEY_UILaunchStoryboardName = LaunchScreen;
				INFOPLIST_KEY_UIMainStoryboardFile = Main;
				INFOPLIST_KEY_UISupportedInterfaceOrientations_iPad = "UIInterfaceOrientationPortrait UIInterfaceOrientationPortraitUpsideDown UIInterfaceOrientationLandscapeLeft UIInterfaceOrientationLandscapeRight";
				INFOPLIST_KEY_UISupportedInterfaceOrientations_iPhone = "UIInterfaceOrientationPortrait UIInterfaceOrientationLandscapeLeft UIInterfaceOrientationLandscapeRight";
				LD_RUNPATH_SEARCH_PATHS = (
					"$(inherited)",
					"@executable_path/Frameworks",
				);
				MARKETING_VERSION = 1.0;
				PRODUCT_BUNDLE_IDENTIFIER = "com.zharova.sleep-tracker";
				PRODUCT_NAME = "$(TARGET_NAME)";
				SWIFT_EMIT_LOC_STRINGS = YES;
				SWIFT_VERSION = 5.0;
				TARGETED_DEVICE_FAMILY = "1,2";
			};
			name = Debug;
		};
		CEBE179C27CE9E6800234B8F /* Release */ = {
			isa = XCBuildConfiguration;
			buildSettings = {
				ASSETCATALOG_COMPILER_APPICON_NAME = AppIcon;
				ASSETCATALOG_COMPILER_GLOBAL_ACCENT_COLOR_NAME = AccentColor;
				CODE_SIGN_STYLE = Automatic;
				CURRENT_PROJECT_VERSION = 1;
				GENERATE_INFOPLIST_FILE = YES;
				INFOPLIST_FILE = "sleep-tracker/Info.plist";
				INFOPLIST_KEY_UIApplicationSupportsIndirectInputEvents = YES;
				INFOPLIST_KEY_UILaunchStoryboardName = LaunchScreen;
				INFOPLIST_KEY_UIMainStoryboardFile = Main;
				INFOPLIST_KEY_UISupportedInterfaceOrientations_iPad = "UIInterfaceOrientationPortrait UIInterfaceOrientationPortraitUpsideDown UIInterfaceOrientationLandscapeLeft UIInterfaceOrientationLandscapeRight";
				INFOPLIST_KEY_UISupportedInterfaceOrientations_iPhone = "UIInterfaceOrientationPortrait UIInterfaceOrientationLandscapeLeft UIInterfaceOrientationLandscapeRight";
				LD_RUNPATH_SEARCH_PATHS = (
					"$(inherited)",
					"@executable_path/Frameworks",
				);
				MARKETING_VERSION = 1.0;
				PRODUCT_BUNDLE_IDENTIFIER = "com.zharova.sleep-tracker";
				PRODUCT_NAME = "$(TARGET_NAME)";
				SWIFT_EMIT_LOC_STRINGS = YES;
				SWIFT_VERSION = 5.0;
				TARGETED_DEVICE_FAMILY = "1,2";
			};
			name = Release;
		};
/* End XCBuildConfiguration section */

/* Begin XCConfigurationList section */
		CEBE178127CE9E6700234B8F /* Build configuration list for PBXProject "sleep-tracker" */ = {
			isa = XCConfigurationList;
			buildConfigurations = (
				CEBE179827CE9E6800234B8F /* Debug */,
				CEBE179927CE9E6800234B8F /* Release */,
			);
			defaultConfigurationIsVisible = 0;
			defaultConfigurationName = Release;
		};
		CEBE179A27CE9E6800234B8F /* Build configuration list for PBXNativeTarget "sleep-tracker" */ = {
			isa = XCConfigurationList;
			buildConfigurations = (
				CEBE179B27CE9E6800234B8F /* Debug */,
				CEBE179C27CE9E6800234B8F /* Release */,
			);
			defaultConfigurationIsVisible = 0;
			defaultConfigurationName = Release;
		};
/* End XCConfigurationList section */
	};
	rootObject = CEBE177E27CE9E6700234B8F /* Project object */;
}
